// !$*UTF8*$!
{
	archiveVersion = 1;
	classes = {
	};
	objectVersion = 56;
	objects = {

/* Begin PBXBuildFile section */
		E84D059F29F0408100DAA721 /* PureSwiftUI in Frameworks */ = {isa = PBXBuildFile; productRef = E84D059E29F0408100DAA721 /* PureSwiftUI */; };
		E84D05A129F2804600DAA721 /* CloudShape.swift in Sources */ = {isa = PBXBuildFile; fileRef = E84D05A029F2804600DAA721 /* CloudShape.swift */; };
		E84D05A429F6671000DAA721 /* PentagonView.swift in Sources */ = {isa = PBXBuildFile; fileRef = E84D05A329F6670F00DAA721 /* PentagonView.swift */; };
		E84D05A629F681E900DAA721 /* TeamsView.swift in Sources */ = {isa = PBXBuildFile; fileRef = E84D05A529F681E900DAA721 /* TeamsView.swift */; };
		E84D05A829F6C7B400DAA721 /* FileManager+DocumentsDirectory.swift in Sources */ = {isa = PBXBuildFile; fileRef = E84D05A729F6C7B400DAA721 /* FileManager+DocumentsDirectory.swift */; };
		E84D05AB29F7ED4300DAA721 /* FileManagerService.swift in Sources */ = {isa = PBXBuildFile; fileRef = E84D05AA29F7ED4300DAA721 /* FileManagerService.swift */; };
		E8C21F2229E4257B00369E39 /* GreenThumbsDividerApp.swift in Sources */ = {isa = PBXBuildFile; fileRef = E8C21F2129E4257B00369E39 /* GreenThumbsDividerApp.swift */; };
		E8C21F2429E4257B00369E39 /* ContentView.swift in Sources */ = {isa = PBXBuildFile; fileRef = E8C21F2329E4257B00369E39 /* ContentView.swift */; };
		E8C21F2629E4257E00369E39 /* Assets.xcassets in Resources */ = {isa = PBXBuildFile; fileRef = E8C21F2529E4257E00369E39 /* Assets.xcassets */; };
		E8C21F2929E4257E00369E39 /* Preview Assets.xcassets in Resources */ = {isa = PBXBuildFile; fileRef = E8C21F2829E4257E00369E39 /* Preview Assets.xcassets */; };
		E8C21F2B29E4257E00369E39 /* Persistence.swift in Sources */ = {isa = PBXBuildFile; fileRef = E8C21F2A29E4257E00369E39 /* Persistence.swift */; };
		E8C21F2E29E4257E00369E39 /* GreenThumbsDivider.xcdatamodeld in Sources */ = {isa = PBXBuildFile; fileRef = E8C21F2C29E4257E00369E39 /* GreenThumbsDivider.xcdatamodeld */; };
		E8C21F3529E4386800369E39 /* GridStack.swift in Sources */ = {isa = PBXBuildFile; fileRef = E8C21F3429E4386800369E39 /* GridStack.swift */; };
		E8C21F3729E446AC00369E39 /* SplitTeamView.swift in Sources */ = {isa = PBXBuildFile; fileRef = E8C21F3629E446AC00369E39 /* SplitTeamView.swift */; };
		E8C21F3929E54B4100369E39 /* MemberModel.swift in Sources */ = {isa = PBXBuildFile; fileRef = E8C21F3829E54B4100369E39 /* MemberModel.swift */; };
		E8C21F3B29E54B8000369E39 /* CarouselViewModel.swift in Sources */ = {isa = PBXBuildFile; fileRef = E8C21F3A29E54B8000369E39 /* CarouselViewModel.swift */; };
		E8C21F3D29E54B9F00369E39 /* CarouselView.swift in Sources */ = {isa = PBXBuildFile; fileRef = E8C21F3C29E54B9F00369E39 /* CarouselView.swift */; };
		E8E12CF129E6CD85001E10E8 /* SplittedTeamView.swift in Sources */ = {isa = PBXBuildFile; fileRef = E8E12CF029E6CD85001E10E8 /* SplittedTeamView.swift */; };
/* End PBXBuildFile section */

/* Begin PBXFileReference section */
		E84D05A029F2804600DAA721 /* CloudShape.swift */ = {isa = PBXFileReference; lastKnownFileType = sourcecode.swift; path = CloudShape.swift; sourceTree = "<group>"; };
		E84D05A329F6670F00DAA721 /* PentagonView.swift */ = {isa = PBXFileReference; lastKnownFileType = sourcecode.swift; path = PentagonView.swift; sourceTree = "<group>"; };
		E84D05A529F681E900DAA721 /* TeamsView.swift */ = {isa = PBXFileReference; lastKnownFileType = sourcecode.swift; path = TeamsView.swift; sourceTree = "<group>"; };
		E84D05A729F6C7B400DAA721 /* FileManager+DocumentsDirectory.swift */ = {isa = PBXFileReference; lastKnownFileType = sourcecode.swift; path = "FileManager+DocumentsDirectory.swift"; sourceTree = "<group>"; };
		E84D05AA29F7ED4300DAA721 /* FileManagerService.swift */ = {isa = PBXFileReference; lastKnownFileType = sourcecode.swift; path = FileManagerService.swift; sourceTree = "<group>"; };
		E8C21F1E29E4257B00369E39 /* GreenThumbsDivider.app */ = {isa = PBXFileReference; explicitFileType = wrapper.application; includeInIndex = 0; path = GreenThumbsDivider.app; sourceTree = BUILT_PRODUCTS_DIR; };
		E8C21F2129E4257B00369E39 /* GreenThumbsDividerApp.swift */ = {isa = PBXFileReference; lastKnownFileType = sourcecode.swift; path = GreenThumbsDividerApp.swift; sourceTree = "<group>"; };
		E8C21F2329E4257B00369E39 /* ContentView.swift */ = {isa = PBXFileReference; lastKnownFileType = sourcecode.swift; path = ContentView.swift; sourceTree = "<group>"; };
		E8C21F2529E4257E00369E39 /* Assets.xcassets */ = {isa = PBXFileReference; lastKnownFileType = folder.assetcatalog; path = Assets.xcassets; sourceTree = "<group>"; };
		E8C21F2829E4257E00369E39 /* Preview Assets.xcassets */ = {isa = PBXFileReference; lastKnownFileType = folder.assetcatalog; path = "Preview Assets.xcassets"; sourceTree = "<group>"; };
		E8C21F2A29E4257E00369E39 /* Persistence.swift */ = {isa = PBXFileReference; lastKnownFileType = sourcecode.swift; path = Persistence.swift; sourceTree = "<group>"; };
		E8C21F2D29E4257E00369E39 /* GreenThumbsDivider.xcdatamodel */ = {isa = PBXFileReference; lastKnownFileType = wrapper.xcdatamodel; path = GreenThumbsDivider.xcdatamodel; sourceTree = "<group>"; };
		E8C21F3429E4386800369E39 /* GridStack.swift */ = {isa = PBXFileReference; lastKnownFileType = sourcecode.swift; path = GridStack.swift; sourceTree = "<group>"; };
		E8C21F3629E446AC00369E39 /* SplitTeamView.swift */ = {isa = PBXFileReference; lastKnownFileType = sourcecode.swift; path = SplitTeamView.swift; sourceTree = "<group>"; };
		E8C21F3829E54B4100369E39 /* MemberModel.swift */ = {isa = PBXFileReference; lastKnownFileType = sourcecode.swift; path = MemberModel.swift; sourceTree = "<group>"; };
		E8C21F3A29E54B8000369E39 /* CarouselViewModel.swift */ = {isa = PBXFileReference; lastKnownFileType = sourcecode.swift; path = CarouselViewModel.swift; sourceTree = "<group>"; };
		E8C21F3C29E54B9F00369E39 /* CarouselView.swift */ = {isa = PBXFileReference; lastKnownFileType = sourcecode.swift; path = CarouselView.swift; sourceTree = "<group>"; };
		E8E12CF029E6CD85001E10E8 /* SplittedTeamView.swift */ = {isa = PBXFileReference; lastKnownFileType = sourcecode.swift; path = SplittedTeamView.swift; sourceTree = "<group>"; };
/* End PBXFileReference section */

/* Begin PBXFrameworksBuildPhase section */
		E8C21F1B29E4257B00369E39 /* Frameworks */ = {
			isa = PBXFrameworksBuildPhase;
			buildActionMask = 2147483647;
			files = (
				E84D059F29F0408100DAA721 /* PureSwiftUI in Frameworks */,
			);
			runOnlyForDeploymentPostprocessing = 0;
		};
/* End PBXFrameworksBuildPhase section */

/* Begin PBXGroup section */
		E84D05A229F666DE00DAA721 /* CardCells */ = {
			isa = PBXGroup;
			children = (
				E84D05A029F2804600DAA721 /* CloudShape.swift */,
				E84D05A329F6670F00DAA721 /* PentagonView.swift */,
			);
			path = CardCells;
			sourceTree = "<group>";
		};
		E84D05A929F7ED2600DAA721 /* Managers */ = {
			isa = PBXGroup;
			children = (
				E84D05A729F6C7B400DAA721 /* FileManager+DocumentsDirectory.swift */,
				E84D05AA29F7ED4300DAA721 /* FileManagerService.swift */,
			);
			path = Managers;
			sourceTree = "<group>";
		};
		E8C21F1529E4257B00369E39 = {
			isa = PBXGroup;
			children = (
				E8C21F2029E4257B00369E39 /* GreenThumbsDivider */,
				E8C21F1F29E4257B00369E39 /* Products */,
			);
			sourceTree = "<group>";
		};
		E8C21F1F29E4257B00369E39 /* Products */ = {
			isa = PBXGroup;
			children = (
				E8C21F1E29E4257B00369E39 /* GreenThumbsDivider.app */,
			);
			name = Products;
			sourceTree = "<group>";
		};
		E8C21F2029E4257B00369E39 /* GreenThumbsDivider */ = {
			isa = PBXGroup;
			children = (
				E84D05A929F7ED2600DAA721 /* Managers */,
				E84D05A229F666DE00DAA721 /* CardCells */,
				E8C21F2129E4257B00369E39 /* GreenThumbsDividerApp.swift */,
				E8C21F2329E4257B00369E39 /* ContentView.swift */,
				E8C21F2529E4257E00369E39 /* Assets.xcassets */,
				E8C21F2A29E4257E00369E39 /* Persistence.swift */,
				E8C21F2C29E4257E00369E39 /* GreenThumbsDivider.xcdatamodeld */,
				E8C21F2729E4257E00369E39 /* Preview Content */,
				E8C21F3429E4386800369E39 /* GridStack.swift */,
				E8C21F3629E446AC00369E39 /* SplitTeamView.swift */,
				E8C21F3E29E54BD800369E39 /* Carousel */,
				E8E12CF029E6CD85001E10E8 /* SplittedTeamView.swift */,
				E84D05A529F681E900DAA721 /* TeamsView.swift */,
			);
			path = GreenThumbsDivider;
			sourceTree = "<group>";
		};
		E8C21F2729E4257E00369E39 /* Preview Content */ = {
			isa = PBXGroup;
			children = (
				E8C21F2829E4257E00369E39 /* Preview Assets.xcassets */,
			);
			path = "Preview Content";
			sourceTree = "<group>";
		};
		E8C21F3E29E54BD800369E39 /* Carousel */ = {
			isa = PBXGroup;
			children = (
				E8C21F3C29E54B9F00369E39 /* CarouselView.swift */,
				E8C21F3829E54B4100369E39 /* MemberModel.swift */,
				E8C21F3A29E54B8000369E39 /* CarouselViewModel.swift */,
			);
			path = Carousel;
			sourceTree = "<group>";
		};
/* End PBXGroup section */

/* Begin PBXNativeTarget section */
		E8C21F1D29E4257B00369E39 /* GreenThumbsDivider */ = {
			isa = PBXNativeTarget;
			buildConfigurationList = E8C21F3129E4257E00369E39 /* Build configuration list for PBXNativeTarget "GreenThumbsDivider" */;
			buildPhases = (
				E8C21F1A29E4257B00369E39 /* Sources */,
				E8C21F1B29E4257B00369E39 /* Frameworks */,
				E8C21F1C29E4257B00369E39 /* Resources */,
			);
			buildRules = (
			);
			dependencies = (
			);
			name = GreenThumbsDivider;
			packageProductDependencies = (
				E84D059E29F0408100DAA721 /* PureSwiftUI */,
			);
			productName = GreenThumbsDivider;
			productReference = E8C21F1E29E4257B00369E39 /* GreenThumbsDivider.app */;
			productType = "com.apple.product-type.application";
		};
/* End PBXNativeTarget section */

/* Begin PBXProject section */
		E8C21F1629E4257B00369E39 /* Project object */ = {
			isa = PBXProject;
			attributes = {
				BuildIndependentTargetsInParallel = 1;
				LastSwiftUpdateCheck = 1430;
				LastUpgradeCheck = 1430;
				TargetAttributes = {
					E8C21F1D29E4257B00369E39 = {
						CreatedOnToolsVersion = 14.3;
					};
				};
			};
			buildConfigurationList = E8C21F1929E4257B00369E39 /* Build configuration list for PBXProject "GreenThumbsDivider" */;
			compatibilityVersion = "Xcode 14.0";
			developmentRegion = en;
			hasScannedForEncodings = 0;
			knownRegions = (
				en,
				Base,
			);
			mainGroup = E8C21F1529E4257B00369E39;
			packageReferences = (
				E84D059D29F0408100DAA721 /* XCRemoteSwiftPackageReference "pure-swift-ui" */,
			);
			productRefGroup = E8C21F1F29E4257B00369E39 /* Products */;
			projectDirPath = "";
			projectRoot = "";
			targets = (
				E8C21F1D29E4257B00369E39 /* GreenThumbsDivider */,
			);
		};
/* End PBXProject section */

/* Begin PBXResourcesBuildPhase section */
		E8C21F1C29E4257B00369E39 /* Resources */ = {
			isa = PBXResourcesBuildPhase;
			buildActionMask = 2147483647;
			files = (
				E8C21F2929E4257E00369E39 /* Preview Assets.xcassets in Resources */,
				E8C21F2629E4257E00369E39 /* Assets.xcassets in Resources */,
			);
			runOnlyForDeploymentPostprocessing = 0;
		};
/* End PBXResourcesBuildPhase section */

/* Begin PBXSourcesBuildPhase section */
		E8C21F1A29E4257B00369E39 /* Sources */ = {
			isa = PBXSourcesBuildPhase;
			buildActionMask = 2147483647;
			files = (
				E8C21F3729E446AC00369E39 /* SplitTeamView.swift in Sources */,
				E8C21F3529E4386800369E39 /* GridStack.swift in Sources */,
				E84D05A829F6C7B400DAA721 /* FileManager+DocumentsDirectory.swift in Sources */,
				E8C21F2B29E4257E00369E39 /* Persistence.swift in Sources */,
				E84D05A129F2804600DAA721 /* CloudShape.swift in Sources */,
				E84D05AB29F7ED4300DAA721 /* FileManagerService.swift in Sources */,
				E8C21F2429E4257B00369E39 /* ContentView.swift in Sources */,
				E8C21F3D29E54B9F00369E39 /* CarouselView.swift in Sources */,
				E8C21F3B29E54B8000369E39 /* CarouselViewModel.swift in Sources */,
				E8C21F2E29E4257E00369E39 /* GreenThumbsDivider.xcdatamodeld in Sources */,
				E84D05A429F6671000DAA721 /* PentagonView.swift in Sources */,
				E84D05A629F681E900DAA721 /* TeamsView.swift in Sources */,
				E8E12CF129E6CD85001E10E8 /* SplittedTeamView.swift in Sources */,
				E8C21F2229E4257B00369E39 /* GreenThumbsDividerApp.swift in Sources */,
				E8C21F3929E54B4100369E39 /* MemberModel.swift in Sources */,
			);
			runOnlyForDeploymentPostprocessing = 0;
		};
/* End PBXSourcesBuildPhase section */

/* Begin XCBuildConfiguration section */
		E8C21F2F29E4257E00369E39 /* Debug */ = {
			isa = XCBuildConfiguration;
			buildSettings = {
				ALWAYS_SEARCH_USER_PATHS = NO;
				CLANG_ANALYZER_NONNULL = YES;
				CLANG_ANALYZER_NUMBER_OBJECT_CONVERSION = YES_AGGRESSIVE;
				CLANG_CXX_LANGUAGE_STANDARD = "gnu++20";
				CLANG_ENABLE_MODULES = YES;
				CLANG_ENABLE_OBJC_ARC = YES;
				CLANG_ENABLE_OBJC_WEAK = YES;
				CLANG_WARN_BLOCK_CAPTURE_AUTORELEASING = YES;
				CLANG_WARN_BOOL_CONVERSION = YES;
				CLANG_WARN_COMMA = YES;
				CLANG_WARN_CONSTANT_CONVERSION = YES;
				CLANG_WARN_DEPRECATED_OBJC_IMPLEMENTATIONS = YES;
				CLANG_WARN_DIRECT_OBJC_ISA_USAGE = YES_ERROR;
				CLANG_WARN_DOCUMENTATION_COMMENTS = YES;
				CLANG_WARN_EMPTY_BODY = YES;
				CLANG_WARN_ENUM_CONVERSION = YES;
				CLANG_WARN_INFINITE_RECURSION = YES;
				CLANG_WARN_INT_CONVERSION = YES;
				CLANG_WARN_NON_LITERAL_NULL_CONVERSION = YES;
				CLANG_WARN_OBJC_IMPLICIT_RETAIN_SELF = YES;
				CLANG_WARN_OBJC_LITERAL_CONVERSION = YES;
				CLANG_WARN_OBJC_ROOT_CLASS = YES_ERROR;
				CLANG_WARN_QUOTED_INCLUDE_IN_FRAMEWORK_HEADER = YES;
				CLANG_WARN_RANGE_LOOP_ANALYSIS = YES;
				CLANG_WARN_STRICT_PROTOTYPES = YES;
				CLANG_WARN_SUSPICIOUS_MOVE = YES;
				CLANG_WARN_UNGUARDED_AVAILABILITY = YES_AGGRESSIVE;
				CLANG_WARN_UNREACHABLE_CODE = YES;
				CLANG_WARN__DUPLICATE_METHOD_MATCH = YES;
				COPY_PHASE_STRIP = NO;
				DEBUG_INFORMATION_FORMAT = dwarf;
				ENABLE_STRICT_OBJC_MSGSEND = YES;
				ENABLE_TESTABILITY = YES;
				GCC_C_LANGUAGE_STANDARD = gnu11;
				GCC_DYNAMIC_NO_PIC = NO;
				GCC_NO_COMMON_BLOCKS = YES;
				GCC_OPTIMIZATION_LEVEL = 0;
				GCC_PREPROCESSOR_DEFINITIONS = (
					"DEBUG=1",
					"$(inherited)",
				);
				GCC_WARN_64_TO_32_BIT_CONVERSION = YES;
				GCC_WARN_ABOUT_RETURN_TYPE = YES_ERROR;
				GCC_WARN_UNDECLARED_SELECTOR = YES;
				GCC_WARN_UNINITIALIZED_AUTOS = YES_AGGRESSIVE;
				GCC_WARN_UNUSED_FUNCTION = YES;
				GCC_WARN_UNUSED_VARIABLE = YES;
				IPHONEOS_DEPLOYMENT_TARGET = 16.4;
				MTL_ENABLE_DEBUG_INFO = INCLUDE_SOURCE;
				MTL_FAST_MATH = YES;
				ONLY_ACTIVE_ARCH = YES;
				SDKROOT = iphoneos;
				SWIFT_ACTIVE_COMPILATION_CONDITIONS = DEBUG;
				SWIFT_OPTIMIZATION_LEVEL = "-Onone";
			};
			name = Debug;
		};
		E8C21F3029E4257E00369E39 /* Release */ = {
			isa = XCBuildConfiguration;
			buildSettings = {
				ALWAYS_SEARCH_USER_PATHS = NO;
				CLANG_ANALYZER_NONNULL = YES;
				CLANG_ANALYZER_NUMBER_OBJECT_CONVERSION = YES_AGGRESSIVE;
				CLANG_CXX_LANGUAGE_STANDARD = "gnu++20";
				CLANG_ENABLE_MODULES = YES;
				CLANG_ENABLE_OBJC_ARC = YES;
				CLANG_ENABLE_OBJC_WEAK = YES;
				CLANG_WARN_BLOCK_CAPTURE_AUTORELEASING = YES;
				CLANG_WARN_BOOL_CONVERSION = YES;
				CLANG_WARN_COMMA = YES;
				CLANG_WARN_CONSTANT_CONVERSION = YES;
				CLANG_WARN_DEPRECATED_OBJC_IMPLEMENTATIONS = YES;
				CLANG_WARN_DIRECT_OBJC_ISA_USAGE = YES_ERROR;
				CLANG_WARN_DOCUMENTATION_COMMENTS = YES;
				CLANG_WARN_EMPTY_BODY = YES;
				CLANG_WARN_ENUM_CONVERSION = YES;
				CLANG_WARN_INFINITE_RECURSION = YES;
				CLANG_WARN_INT_CONVERSION = YES;
				CLANG_WARN_NON_LITERAL_NULL_CONVERSION = YES;
				CLANG_WARN_OBJC_IMPLICIT_RETAIN_SELF = YES;
				CLANG_WARN_OBJC_LITERAL_CONVERSION = YES;
				CLANG_WARN_OBJC_ROOT_CLASS = YES_ERROR;
				CLANG_WARN_QUOTED_INCLUDE_IN_FRAMEWORK_HEADER = YES;
				CLANG_WARN_RANGE_LOOP_ANALYSIS = YES;
				CLANG_WARN_STRICT_PROTOTYPES = YES;
				CLANG_WARN_SUSPICIOUS_MOVE = YES;
				CLANG_WARN_UNGUARDED_AVAILABILITY = YES_AGGRESSIVE;
				CLANG_WARN_UNREACHABLE_CODE = YES;
				CLANG_WARN__DUPLICATE_METHOD_MATCH = YES;
				COPY_PHASE_STRIP = NO;
				DEBUG_INFORMATION_FORMAT = "dwarf-with-dsym";
				ENABLE_NS_ASSERTIONS = NO;
				ENABLE_STRICT_OBJC_MSGSEND = YES;
				GCC_C_LANGUAGE_STANDARD = gnu11;
				GCC_NO_COMMON_BLOCKS = YES;
				GCC_WARN_64_TO_32_BIT_CONVERSION = YES;
				GCC_WARN_ABOUT_RETURN_TYPE = YES_ERROR;
				GCC_WARN_UNDECLARED_SELECTOR = YES;
				GCC_WARN_UNINITIALIZED_AUTOS = YES_AGGRESSIVE;
				GCC_WARN_UNUSED_FUNCTION = YES;
				GCC_WARN_UNUSED_VARIABLE = YES;
				IPHONEOS_DEPLOYMENT_TARGET = 16.4;
				MTL_ENABLE_DEBUG_INFO = NO;
				MTL_FAST_MATH = YES;
				SDKROOT = iphoneos;
				SWIFT_COMPILATION_MODE = wholemodule;
				SWIFT_OPTIMIZATION_LEVEL = "-O";
				VALIDATE_PRODUCT = YES;
			};
			name = Release;
		};
		E8C21F3229E4257E00369E39 /* Debug */ = {
			isa = XCBuildConfiguration;
			buildSettings = {
				ASSETCATALOG_COMPILER_APPICON_NAME = AppIcon;
				ASSETCATALOG_COMPILER_GLOBAL_ACCENT_COLOR_NAME = AccentColor;
				CODE_SIGN_STYLE = Automatic;
				CURRENT_PROJECT_VERSION = 1;
				DEVELOPMENT_ASSET_PATHS = "\"GreenThumbsDivider/Preview Content\"";
				ENABLE_PREVIEWS = YES;
				GENERATE_INFOPLIST_FILE = YES;
				INFOPLIST_KEY_UIApplicationSceneManifest_Generation = YES;
				INFOPLIST_KEY_UIApplicationSupportsIndirectInputEvents = YES;
				INFOPLIST_KEY_UILaunchScreen_Generation = YES;
				INFOPLIST_KEY_UISupportedInterfaceOrientations_iPad = "UIInterfaceOrientationPortrait UIInterfaceOrientationPortraitUpsideDown UIInterfaceOrientationLandscapeLeft UIInterfaceOrientationLandscapeRight";
				INFOPLIST_KEY_UISupportedInterfaceOrientations_iPhone = "UIInterfaceOrientationPortrait UIInterfaceOrientationLandscapeLeft UIInterfaceOrientationLandscapeRight";
				LD_RUNPATH_SEARCH_PATHS = (
					"$(inherited)",
					"@executable_path/Frameworks",
				);
				MARKETING_VERSION = 1.0;
				PRODUCT_BUNDLE_IDENTIFIER = com.Pavlo.Snizhko.GreenThumbsDivider;
				PRODUCT_NAME = "$(TARGET_NAME)";
				SWIFT_EMIT_LOC_STRINGS = YES;
				SWIFT_VERSION = 5.0;
				TARGETED_DEVICE_FAMILY = "1,2";
			};
			name = Debug;
		};
		E8C21F3329E4257E00369E39 /* Release */ = {
			isa = XCBuildConfiguration;
			buildSettings = {
				ASSETCATALOG_COMPILER_APPICON_NAME = AppIcon;
				ASSETCATALOG_COMPILER_GLOBAL_ACCENT_COLOR_NAME = AccentColor;
				CODE_SIGN_STYLE = Automatic;
				CURRENT_PROJECT_VERSION = 1;
				DEVELOPMENT_ASSET_PATHS = "\"GreenThumbsDivider/Preview Content\"";
				ENABLE_PREVIEWS = YES;
				GENERATE_INFOPLIST_FILE = YES;
				INFOPLIST_KEY_UIApplicationSceneManifest_Generation = YES;
				INFOPLIST_KEY_UIApplicationSupportsIndirectInputEvents = YES;
				INFOPLIST_KEY_UILaunchScreen_Generation = YES;
				INFOPLIST_KEY_UISupportedInterfaceOrientations_iPad = "UIInterfaceOrientationPortrait UIInterfaceOrientationPortraitUpsideDown UIInterfaceOrientationLandscapeLeft UIInterfaceOrientationLandscapeRight";
				INFOPLIST_KEY_UISupportedInterfaceOrientations_iPhone = "UIInterfaceOrientationPortrait UIInterfaceOrientationLandscapeLeft UIInterfaceOrientationLandscapeRight";
				LD_RUNPATH_SEARCH_PATHS = (
					"$(inherited)",
					"@executable_path/Frameworks",
				);
				MARKETING_VERSION = 1.0;
				PRODUCT_BUNDLE_IDENTIFIER = com.Pavlo.Snizhko.GreenThumbsDivider;
				PRODUCT_NAME = "$(TARGET_NAME)";
				SWIFT_EMIT_LOC_STRINGS = YES;
				SWIFT_VERSION = 5.0;
				TARGETED_DEVICE_FAMILY = "1,2";
			};
			name = Release;
		};
/* End XCBuildConfiguration section */

/* Begin XCConfigurationList section */
		E8C21F1929E4257B00369E39 /* Build configuration list for PBXProject "GreenThumbsDivider" */ = {
			isa = XCConfigurationList;
			buildConfigurations = (
				E8C21F2F29E4257E00369E39 /* Debug */,
				E8C21F3029E4257E00369E39 /* Release */,
			);
			defaultConfigurationIsVisible = 0;
			defaultConfigurationName = Release;
		};
		E8C21F3129E4257E00369E39 /* Build configuration list for PBXNativeTarget "GreenThumbsDivider" */ = {
			isa = XCConfigurationList;
			buildConfigurations = (
				E8C21F3229E4257E00369E39 /* Debug */,
				E8C21F3329E4257E00369E39 /* Release */,
			);
			defaultConfigurationIsVisible = 0;
			defaultConfigurationName = Release;
		};
/* End XCConfigurationList section */

/* Begin XCRemoteSwiftPackageReference section */
		E84D059D29F0408100DAA721 /* XCRemoteSwiftPackageReference "pure-swift-ui" */ = {
			isa = XCRemoteSwiftPackageReference;
			repositoryURL = "https://github.com/CodeSlicing/pure-swift-ui";
			requirement = {
				kind = upToNextMajorVersion;
				minimumVersion = 3.0.0;
			};
		};
/* End XCRemoteSwiftPackageReference section */

/* Begin XCSwiftPackageProductDependency section */
		E84D059E29F0408100DAA721 /* PureSwiftUI */ = {
			isa = XCSwiftPackageProductDependency;
			package = E84D059D29F0408100DAA721 /* XCRemoteSwiftPackageReference "pure-swift-ui" */;
			productName = PureSwiftUI;
		};
/* End XCSwiftPackageProductDependency section */

/* Begin XCVersionGroup section */
		E8C21F2C29E4257E00369E39 /* GreenThumbsDivider.xcdatamodeld */ = {
			isa = XCVersionGroup;
			children = (
				E8C21F2D29E4257E00369E39 /* GreenThumbsDivider.xcdatamodel */,
			);
			currentVersion = E8C21F2D29E4257E00369E39 /* GreenThumbsDivider.xcdatamodel */;
			path = GreenThumbsDivider.xcdatamodeld;
			sourceTree = "<group>";
			versionGroupType = wrapper.xcdatamodel;
		};
/* End XCVersionGroup section */
	};
	rootObject = E8C21F1629E4257B00369E39 /* Project object */;
}
